
Microsoft Visual Studio Solution File, Format Version 12.00
Project("{FAE04EC0-301F-11D3-BF4B-00C04F79EFBC}") = "ProfiApi", "ProfiApi\ProfiApi.csproj", "{20A72B1A-A07C-4CED-93C2-59A6C8D0FB3B}"
EndProject
Global
	GlobalSection(SolutionConfigurationPlatforms) = preSolution
		Debug|Any CPU = Debug|Any CPU
		Release|Any CPU = Release|Any CPU
	EndGlobalSection
	GlobalSection(ProjectConfigurationPlatforms) = postSolution
		{20A72B1A-A07C-4CED-93C2-59A6C8D0FB3B}.Debug|Any CPU.ActiveCfg = Debug|Any CPU
		{20A72B1A-A07C-4CED-93C2-59A6C8D0FB3B}.Debug|Any CPU.Build.0 = Debug|Any CPU
		{20A72B1A-A07C-4CED-93C2-59A6C8D0FB3B}.Release|Any CPU.ActiveCfg = Release|Any CPU
		{20A72B1A-A07C-4CED-93C2-59A6C8D0FB3B}.Release|Any CPU.Build.0 = Release|Any CPU
	EndGlobalSection
EndGlobal
